
Microsoft Visual Studio Solution File, Format Version 12.00
# Visual Studio Version 17
VisualStudioVersion = 17.5.002.0
MinimumVisualStudioVersion = 10.0.40219.1
Project("{9A19103F-16F7-4668-BE54-9A1E7A4F7556}") = "PruebaNet", "PruebaNet.csproj", "{7524BEB5-3C75-48DC-B1FD-7FA191BE9EDF}"
EndProject
Global
	GlobalSection(SolutionConfigurationPlatforms) = preSolution
		Debug|Any CPU = Debug|Any CPU
		Release|Any CPU = Release|Any CPU
	EndGlobalSection
	GlobalSection(ProjectConfigurationPlatforms) = postSolution
		{7524BEB5-3C75-48DC-B1FD-7FA191BE9EDF}.Debug|Any CPU.ActiveCfg = Debug|Any CPU
		{7524BEB5-3C75-48DC-B1FD-7FA191BE9EDF}.Debug|Any CPU.Build.0 = Debug|Any CPU
		{7524BEB5-3C75-48DC-B1FD-7FA191BE9EDF}.Release|Any CPU.ActiveCfg = Release|Any CPU
		{7524BEB5-3C75-48DC-B1FD-7FA191BE9EDF}.Release|Any CPU.Build.0 = Release|Any CPU
	EndGlobalSection
	GlobalSection(SolutionProperties) = preSolution
		HideSolutionNode = FALSE
	EndGlobalSection
	GlobalSection(ExtensibilityGlobals) = postSolution
		SolutionGuid = {80C64117-5D85-4C10-9F31-1AAA214EA47F}
	EndGlobalSection
EndGlobal
